
Microsoft Visual Studio Solution File, Format Version 12.00
# Visual Studio Version 16
VisualStudioVersion = 16.0.30503.244
MinimumVisualStudioVersion = 10.0.40219.1
Project("{8BC9CEB8-8B4A-11D0-8D11-00A0C91BC942}") = "Salaires des représentants", "Salaires des représentants\Salaires des représentants.vcxproj", "{D5EB0AA3-B4CC-47A0-B794-93EA57DB39E3}"
EndProject
Project("{8BC9CEB8-8B4A-11D0-8D11-00A0C91BC942}") = "Devinette", "Devinette\Devinette.vcxproj", "{E72FF086-9BBC-4A09-A4F9-5B93E61EFABA}"
EndProject
Global
	GlobalSection(SolutionConfigurationPlatforms) = preSolution
		Debug|x64 = Debug|x64
		Debug|x86 = Debug|x86
		Release|x64 = Release|x64
		Release|x86 = Release|x86
	EndGlobalSection
	GlobalSection(ProjectConfigurationPlatforms) = postSolution
		{D5EB0AA3-B4CC-47A0-B794-93EA57DB39E3}.Debug|x64.ActiveCfg = Debug|x64
		{D5EB0AA3-B4CC-47A0-B794-93EA57DB39E3}.Debug|x64.Build.0 = Debug|x64
		{D5EB0AA3-B4CC-47A0-B794-93EA57DB39E3}.Debug|x86.ActiveCfg = Debug|Win32
		{D5EB0AA3-B4CC-47A0-B794-93EA57DB39E3}.Debug|x86.Build.0 = Debug|Win32
		{D5EB0AA3-B4CC-47A0-B794-93EA57DB39E3}.Release|x64.ActiveCfg = Release|x64
		{D5EB0AA3-B4CC-47A0-B794-93EA57DB39E3}.Release|x64.Build.0 = Release|x64
		{D5EB0AA3-B4CC-47A0-B794-93EA57DB39E3}.Release|x86.ActiveCfg = Release|Win32
		{D5EB0AA3-B4CC-47A0-B794-93EA57DB39E3}.Release|x86.Build.0 = Release|Win32
		{E72FF086-9BBC-4A09-A4F9-5B93E61EFABA}.Debug|x64.ActiveCfg = Debug|x64
		{E72FF086-9BBC-4A09-A4F9-5B93E61EFABA}.Debug|x64.Build.0 = Debug|x64
		{E72FF086-9BBC-4A09-A4F9-5B93E61EFABA}.Debug|x86.ActiveCfg = Debug|Win32
		{E72FF086-9BBC-4A09-A4F9-5B93E61EFABA}.Debug|x86.Build.0 = Debug|Win32
		{E72FF086-9BBC-4A09-A4F9-5B93E61EFABA}.Release|x64.ActiveCfg = Release|x64
		{E72FF086-9BBC-4A09-A4F9-5B93E61EFABA}.Release|x64.Build.0 = Release|x64
		{E72FF086-9BBC-4A09-A4F9-5B93E61EFABA}.Release|x86.ActiveCfg = Release|Win32
		{E72FF086-9BBC-4A09-A4F9-5B93E61EFABA}.Release|x86.Build.0 = Release|Win32
	EndGlobalSection
	GlobalSection(SolutionProperties) = preSolution
		HideSolutionNode = FALSE
	EndGlobalSection
	GlobalSection(ExtensibilityGlobals) = postSolution
		SolutionGuid = {6FD16A65-5A16-4E9C-AFF4-A2CC6A3E050A}
	EndGlobalSection
EndGlobal
